
Microsoft Visual Studio Solution File, Format Version 12.00
# Visual Studio Version 17
VisualStudioVersion = 17.11.35327.3
MinimumVisualStudioVersion = 10.0.40219.1
Project("{9A19103F-16F7-4668-BE54-9A1E7A4F7556}") = "ProductManagementAPI", "ProductManagementAPI\ProductManagementAPI.csproj", "{C0CA81DE-6CBB-42B0-83C4-F14D27F1F0F6}"
EndProject
Project("{9A19103F-16F7-4668-BE54-9A1E7A4F7556}") = "ProductManagementAPI.Services", "ProductManagementAPI.Services\ProductManagementAPI.Services.csproj", "{626BA569-E181-4B95-A964-B70E41DF1BC1}"
EndProject
Project("{FAE04EC0-301F-11D3-BF4B-00C04F79EFBC}") = "ProductManagementAPI.Data", "ProductManagementAPI.Data\ProductManagementAPI.Data.csproj", "{A9051CB8-3BFF-4D22-91CF-000AFBEB61B8}"
EndProject
Project("{FAE04EC0-301F-11D3-BF4B-00C04F79EFBC}") = "ProductManagementAPI.UnitTests", "ProductManagementAPI.UnitTests\ProductManagementAPI.UnitTests.csproj", "{38487B31-C4EB-4C09-97DD-24351883E558}"
EndProject
Global
	GlobalSection(SolutionConfigurationPlatforms) = preSolution
		Debug|Any CPU = Debug|Any CPU
		Release|Any CPU = Release|Any CPU
	EndGlobalSection
	GlobalSection(ProjectConfigurationPlatforms) = postSolution
		{C0CA81DE-6CBB-42B0-83C4-F14D27F1F0F6}.Debug|Any CPU.ActiveCfg = Debug|Any CPU
		{C0CA81DE-6CBB-42B0-83C4-F14D27F1F0F6}.Debug|Any CPU.Build.0 = Debug|Any CPU
		{C0CA81DE-6CBB-42B0-83C4-F14D27F1F0F6}.Release|Any CPU.ActiveCfg = Release|Any CPU
		{C0CA81DE-6CBB-42B0-83C4-F14D27F1F0F6}.Release|Any CPU.Build.0 = Release|Any CPU
		{626BA569-E181-4B95-A964-B70E41DF1BC1}.Debug|Any CPU.ActiveCfg = Debug|Any CPU
		{626BA569-E181-4B95-A964-B70E41DF1BC1}.Debug|Any CPU.Build.0 = Debug|Any CPU
		{626BA569-E181-4B95-A964-B70E41DF1BC1}.Release|Any CPU.ActiveCfg = Release|Any CPU
		{626BA569-E181-4B95-A964-B70E41DF1BC1}.Release|Any CPU.Build.0 = Release|Any CPU
		{A9051CB8-3BFF-4D22-91CF-000AFBEB61B8}.Debug|Any CPU.ActiveCfg = Debug|Any CPU
		{A9051CB8-3BFF-4D22-91CF-000AFBEB61B8}.Debug|Any CPU.Build.0 = Debug|Any CPU
		{A9051CB8-3BFF-4D22-91CF-000AFBEB61B8}.Release|Any CPU.ActiveCfg = Release|Any CPU
		{A9051CB8-3BFF-4D22-91CF-000AFBEB61B8}.Release|Any CPU.Build.0 = Release|Any CPU
		{38487B31-C4EB-4C09-97DD-24351883E558}.Debug|Any CPU.ActiveCfg = Debug|Any CPU
		{38487B31-C4EB-4C09-97DD-24351883E558}.Debug|Any CPU.Build.0 = Debug|Any CPU
		{38487B31-C4EB-4C09-97DD-24351883E558}.Release|Any CPU.ActiveCfg = Release|Any CPU
		{38487B31-C4EB-4C09-97DD-24351883E558}.Release|Any CPU.Build.0 = Release|Any CPU
	EndGlobalSection
	GlobalSection(SolutionProperties) = preSolution
		HideSolutionNode = FALSE
	EndGlobalSection
	GlobalSection(ExtensibilityGlobals) = postSolution
		SolutionGuid = {2FB29789-6B54-46CE-85F5-D7B86F862A2F}
	EndGlobalSection
EndGlobal
